version = 1
revision = 3
requires-python = "==3.11.*"
required-markers = [
    "platform_machine == 'armv7l' and sys_platform == 'linux'",
]

[[package]]
name = "agent-detector"
version = "2.0.0"
source = { registry = "https://www.piwheels.org/simple" }
wheels = [
    { url = "https://www.piwheels.org/simple/agent-detector/agent_detector-2.0.0-py3-none-any.whl", hash = "sha256:22c6a1c9c23894a12f55aea625f060b8d3330fba774de72d02d5442bb580417f" },
]

[[package]]
name = "annotated-doc"
version = "0.0.5"
source = { registry = "https://www.piwheels.org/simple" }
wheels = [
    { url = "https://www.piwheels.org/simple/annotated-doc/annotated_doc-0.0.5-py3-none-any.whl", hash = "sha256:117bac03a25ede5df5440e855b32d556049ca169ead221505badf432fed4b101" },
]

[[package]]
name = "annotated-types"
version = "0.8.0"
source = { registry = "https://www.piwheels.org/simple" }
wheels = [
    { url = "https://www.piwheels.org/simple/annotated-types/annotated_types-0.8.0-py3-none-any.whl", hash = "sha256:f072f4d804ea359e4eaf198b1af7a8b0943881a87f31bb764f8bf219bb9419e0" },
]

[[package]]
name = "anyio"
version = "4.15.1"
source = { registry = "https://www.piwheels.org/simple" }
dependencies = [
    { name = "idna" },
    { name = "typing-extensions" },
]
wheels = [
    { url = "https://www.piwheels.org/simple/anyio/anyio-4.15.1-py3-none-any.whl", hash = "sha256:3775a368d99ae82868850dfecbf23bebe253eb4b534211b62209e53ff0e5dceb" },
]

[[package]]
name = "cachecontrol"
version = "0.14.4"
source = { registry = "https://www.piwheels.org/simple" }
dependencies = [
    { name = "msgpack" },
    { name = "requests" },
]
wheels = [
    { url = "https://www.piwheels.org/simple/cachecontrol/cachecontrol-0.14.4-py3-none-any.whl", hash = "sha256:b7ac014ff72ee199b5f8af1de29d60239954f223e948196fa3d84adaffc71d2b" },
]

[[package]]
name = "certifi"
version = "2026.7.22"
source = { registry = "https://www.piwheels.org/simple" }
wheels = [
    { url = "https://www.piwheels.org/simple/certifi/certifi-2026.7.22-py3-none-any.whl", hash = "sha256:9de65d0980dfad0fe9dcf13df12e8109d6f4a746b526bfb206d00126648c6c0f" },
]

[[package]]
name = "cffi"
version = "2.1.1"
source = { registry = "https://www.piwheels.org/simple" }
dependencies = [
    { name = "pycparser", marker = "implementation_name != 'PyPy'" },
]
wheels = [
    { url = "https://www.piwheels.org/simple/cffi/cffi-2.1.1-cp311-cp311-linux_armv6l.whl", hash = "sha256:3e1f9d7d628aad2b57bbdb40d20dbd018eda28d79216b5e98f96d2c4ef09e3a8" },
    { url = "https://www.piwheels.org/simple/cffi/cffi-2.1.1-cp311-cp311-linux_armv7l.whl", hash = "sha256:3e1f9d7d628aad2b57bbdb40d20dbd018eda28d79216b5e98f96d2c4ef09e3a8" },
]

[[package]]
name = "charset-normalizer"
version = "3.5.1"
source = { registry = "https://www.piwheels.org/simple" }
wheels = [
    { url = "https://www.piwheels.org/simple/charset-normalizer/charset_normalizer-3.5.1-py3-none-any.whl", hash = "sha256:cfe5c980038004abaaaa20e669e102a91b7aa0bb2d3cb9bfc6ae47903ee44d92" },
]

[[package]]
name = "chickenpi"
version = "1.0.0"
source = { editable = "." }
dependencies = [
    { name = "fastapi", extra = ["standard"] },
    { name = "firebase-admin" },
    { name = "gpiozero" },
    { name = "httptools" },
    { name = "numpy" },
    { name = "opencv-python-headless" },
    { name = "python-json-logger" },
    { name = "pyyaml" },
    { name = "rpi-lgpio" },
    { name = "sentry-sdk", extra = ["fastapi"] },
    { name = "uvicorn", extra = ["standard"] },
    { name = "uvloop" },
]

[package.dev-dependencies]
dev = [
    { name = "httpx" },
    { name = "pytest" },
    { name = "pytest-cov" },
]

[package.metadata]
requires-dist = [
    { name = "fastapi", extras = ["standard"], specifier = "==0.141.1" },
    { name = "firebase-admin", specifier = "==7.5.0" },
    { name = "gpiozero", specifier = "==2.0.1" },
    { name = "httptools", url = "https://piwheels.org/simple/httptools/httptools-0.8.0-cp311-cp311-linux_armv7l.whl" },
    { name = "numpy", url = "https://piwheels.org/simple/numpy/numpy-2.4.6-cp311-cp311-linux_armv7l.whl" },
    { name = "opencv-python-headless", url = "https://piwheels.org/simple/opencv-python-headless/opencv_python_headless-5.0.0.93-cp311-cp311-linux_armv7l.whl" },
    { name = "python-json-logger", specifier = "==4.2.0" },
    { name = "pyyaml", url = "https://piwheels.org/simple/pyyaml/pyyaml-6.0.3-cp311-cp311-linux_armv7l.whl" },
    { name = "rpi-lgpio", specifier = "==0.6" },
    { name = "sentry-sdk", extras = ["fastapi"], specifier = "==2.68.1" },
    { name = "uvicorn", extras = ["standard"], specifier = "==0.52.4" },
    { name = "uvloop", url = "https://piwheels.org/simple/uvloop/uvloop-0.21.0-cp311-cp311-linux_armv7l.whl" },
]

[package.metadata.requires-dev]
dev = [
    { name = "httpx", specifier = ">=0.28.1" },
    { name = "pytest", specifier = ">=9.1.1" },
    { name = "pytest-cov", specifier = ">=7.1.0" },
]

[[package]]
name = "click"
version = "8.5.0"
source = { registry = "https://www.piwheels.org/simple" }
wheels = [
    { url = "https://www.piwheels.org/simple/click/click-8.5.0-py3-none-any.whl", hash = "sha256:00e283860f10b9d2775db0c20ede2bb2d669c3e33f47d173193d172d68dea0ee" },
]

[[package]]
name = "colorama"
version = "0.4.6"
source = { registry = "https://www.piwheels.org/simple" }
wheels = [
    { url = "https://www.piwheels.org/simple/colorama/colorama-0.4.6-py2.py3-none-any.whl", hash = "sha256:4f1d9991f5acc0ca119f9d443620b77f9d6b33703e51011c16baf57afb285fc6" },
]

[[package]]
name = "colorzero"
version = "2.0"
source = { registry = "https://www.piwheels.org/simple" }
dependencies = [
    { name = "setuptools" },
]
wheels = [
    { url = "https://www.piwheels.org/simple/colorzero/colorzero-2.0-py2.py3-none-any.whl", hash = "sha256:0e60d743a6b8071498a56465f7719c96a5e92928f858bab1be2a0d606c9aa0f8" },
]

[[package]]
name = "coverage"
version = "7.16.0"
source = { registry = "https://www.piwheels.org/simple" }
wheels = [
    { url = "https://www.piwheels.org/simple/coverage/coverage-7.16.0-cp311-cp311-linux_armv6l.whl", hash = "sha256:30f2d69cc6d44a34038c82c97d152b8c2757c5ba493cd37f89806265fd31c16e" },
    { url = "https://www.piwheels.org/simple/coverage/coverage-7.16.0-cp311-cp311-linux_armv7l.whl", hash = "sha256:30f2d69cc6d44a34038c82c97d152b8c2757c5ba493cd37f89806265fd31c16e" },
]

[package.optional-dependencies]
toml = [
    { name = "tomli", marker = "python_full_version <= '3.11'" },
]

[[package]]
name = "cryptography"
version = "50.0.1"
source = { registry = "https://www.piwheels.org/simple" }
dependencies = [
    { name = "cffi", marker = "platform_python_implementation != 'PyPy'" },
]
wheels = [
    { url = "https://www.piwheels.org/simple/cryptography/cryptography-50.0.1-cp311-abi3-linux_armv6l.whl", hash = "sha256:7de7e5e94cad46a61076df50c4a83ad405a09781cc762d443e7dd3d971a3afa6" },
    { url = "https://www.piwheels.org/simple/cryptography/cryptography-50.0.1-cp311-abi3-linux_armv7l.whl", hash = "sha256:7de7e5e94cad46a61076df50c4a83ad405a09781cc762d443e7dd3d971a3afa6" },
    { url = "https://www.piwheels.org/simple/cryptography/cryptography-50.0.1-cp313-abi3-linux_armv6l.whl", hash = "sha256:e6e7983d5dd852d129b7f40f9b793188ca5e2e3b32dcbd46b8d3f2b715f87d81" },
    { url = "https://www.piwheels.org/simple/cryptography/cryptography-50.0.1-cp313-abi3-linux_armv7l.whl", hash = "sha256:e6e7983d5dd852d129b7f40f9b793188ca5e2e3b32dcbd46b8d3f2b715f87d81" },
]

[[package]]
name = "detect-installer"
version = "0.2.1"
source = { registry = "https://www.piwheels.org/simple" }
wheels = [
    { url = "https://www.piwheels.org/simple/detect-installer/detect_installer-0.2.1-py3-none-any.whl", hash = "sha256:e366f85ed0c3d4b8b993f1d8797655f8776fb85f0303269478fdeffd6128f514" },
]

[[package]]
name = "dnspython"
version = "2.8.0"
source = { registry = "https://www.piwheels.org/simple" }
wheels = [
    { url = "https://www.piwheels.org/simple/dnspython/dnspython-2.8.0-py3-none-any.whl", hash = "sha256:01d9bbc4a2d76bf0db7c1f729812ded6d912bd318d3b1cf81d30c0f845dbf3af" },
]

[[package]]
name = "email-validator"
version = "2.3.0"
source = { registry = "https://www.piwheels.org/simple" }
dependencies = [
    { name = "dnspython" },
    { name = "idna" },
]
wheels = [
    { url = "https://www.piwheels.org/simple/email-validator/email_validator-2.3.0-py3-none-any.whl", hash = "sha256:9d402b0e3e46b0c91164d8b53b119b9312a1ae4e5ba2c4c0b7f47c9ed2b7f058" },
]

[[package]]
name = "fastapi"
version = "0.141.1"
source = { registry = "https://www.piwheels.org/simple" }
dependencies = [
    { name = "annotated-doc" },
    { name = "pydantic" },
    { name = "starlette" },
    { name = "typing-extensions" },
    { name = "typing-inspection" },
]
wheels = [
    { url = "https://www.piwheels.org/simple/fastapi/fastapi-0.141.1-py3-none-any.whl", hash = "sha256:bfb91aa2d334c61cb35ba9a116fc123b3d3df31640b801cf57a7a78ec3f603b3" },
]

[package.optional-dependencies]
standard = [
    { name = "email-validator" },
    { name = "fastapi-cli", extra = ["standard"] },
    { name = "fastar" },
    { name = "httpx" },
    { name = "jinja2" },
    { name = "pydantic-extra-types" },
    { name = "pydantic-settings" },
    { name = "python-multipart" },
    { name = "uvicorn", extra = ["standard"] },
]

[[package]]
name = "fastapi-cli"
version = "0.0.32"
source = { registry = "https://www.piwheels.org/simple" }
dependencies = [
    { name = "rich-toolkit" },
    { name = "typer" },
    { name = "uvicorn", extra = ["standard"] },
]
wheels = [
    { url = "https://www.piwheels.org/simple/fastapi-cli/fastapi_cli-0.0.32-py3-none-any.whl", hash = "sha256:8dcc286fa32f01bbd3f65dd09cfd5a2540ed5f2230b77db7fd30978d6165f3c4" },
]

[package.optional-dependencies]
standard = [
    { name = "fastapi-cloud-cli" },
    { name = "uvicorn", extra = ["standard"] },
]

[[package]]
name = "fastapi-cloud-cli"
version = "0.25.0"
source = { registry = "https://www.piwheels.org/simple" }
dependencies = [
    { name = "agent-detector" },
    { name = "detect-installer" },
    { name = "fastar" },
    { name = "httpx" },
    { name = "pydantic", extra = ["email"] },
    { name = "rich-toolkit" },
    { name = "rignore" },
    { name = "sentry-sdk" },
    { name = "typer" },
    { name = "uvicorn", extra = ["standard"] },
]
wheels = [
    { url = "https://www.piwheels.org/simple/fastapi-cloud-cli/fastapi_cloud_cli-0.25.0-py3-none-any.whl", hash = "sha256:799868535a7a0716bd50bfb42dacc87aac570224e45052406840ff9244cc5841" },
]

[[package]]
name = "fastar"
version = "0.12.0"
source = { registry = "https://www.piwheels.org/simple" }
wheels = [
    { url = "https://www.piwheels.org/simple/fastar/fastar-0.12.0-cp311-cp311-linux_armv6l.whl", hash = "sha256:53384929989b7915c4cc58418f123dd65b5702b24781a7650952a791fbdaa300" },
    { url = "https://www.piwheels.org/simple/fastar/fastar-0.12.0-cp311-cp311-linux_armv7l.whl", hash = "sha256:53384929989b7915c4cc58418f123dd65b5702b24781a7650952a791fbdaa300" },
]

[[package]]
name = "firebase-admin"
version = "7.5.0"
source = { registry = "https://www.piwheels.org/simple" }
dependencies = [
    { name = "cachecontrol" },
    { name = "google-api-core", extra = ["grpc"], marker = "platform_python_implementation != 'PyPy'" },
    { name = "google-cloud-firestore", marker = "platform_python_implementation != 'PyPy'" },
    { name = "google-cloud-storage" },
    { name = "httpx", extra = ["http2"] },
    { name = "pyjwt", extra = ["crypto"] },
]
wheels = [
    { url = "https://www.piwheels.org/simple/firebase-admin/firebase_admin-7.5.0-py3-none-any.whl", hash = "sha256:6c55804cc119b5c6bf14042e6ffae788bf04eeae27b6f418bffa412013d6d01e" },
]

[[package]]
name = "google-api-core"
version = "2.36.0"
source = { registry = "https://www.piwheels.org/simple" }
dependencies = [
    { name = "google-auth" },
    { name = "googleapis-common-protos" },
    { name = "opentelemetry-api" },
    { name = "proto-plus" },
    { name = "protobuf" },
    { name = "requests" },
]
wheels = [
    { url = "https://www.piwheels.org/simple/google-api-core/google_api_core-2.36.0-py3-none-any.whl", hash = "sha256:ed03d7c7ad13de4962415db7a9d57758d232e0b89e99d23a6405a3e621e32fc2" },
]

[package.optional-dependencies]
grpc = [
    { name = "grpcio" },
    { name = "grpcio-status" },
]

[[package]]
name = "google-auth"
version = "2.58.0"
source = { registry = "https://www.piwheels.org/simple" }
dependencies = [
    { name = "cryptography" },
    { name = "pyasn1-modules" },
]
wheels = [
    { url = "https://www.piwheels.org/simple/google-auth/google_auth-2.58.0-py3-none-any.whl", hash = "sha256:1142fc0ba59bf18260477b9e1453287fc9105bd3192f03ba7d2a424bcd2bf583" },
]

[[package]]
name = "google-cloud-core"
version = "2.7.0"
source = { registry = "https://www.piwheels.org/simple" }
dependencies = [
    { name = "google-api-core" },
    { name = "google-auth" },
]
wheels = [
    { url = "https://www.piwheels.org/simple/google-cloud-core/google_cloud_core-2.7.0-py3-none-any.whl", hash = "sha256:ff0832d45015163379c848fa93e1a12936eb5e22c4e1fae78b7ea5b5d8defe02" },
]

[[package]]
name = "google-cloud-firestore"
version = "2.30.0"
source = { registry = "https://www.piwheels.org/simple" }
dependencies = [
    { name = "google-api-core", extra = ["grpc"] },
    { name = "google-auth" },
    { name = "google-cloud-core" },
    { name = "grpcio" },
    { name = "proto-plus" },
    { name = "protobuf" },
]
wheels = [
    { url = "https://www.piwheels.org/simple/google-cloud-firestore/google_cloud_firestore-2.30.0-py3-none-any.whl", hash = "sha256:ac8a0d85b575d4df625adb732829846c28c84568c0015b78a0d808cefa55f746" },
]

[[package]]
name = "google-cloud-storage"
version = "3.14.1"
source = { registry = "https://www.piwheels.org/simple" }
dependencies = [
    { name = "google-api-core" },
    { name = "google-auth" },
    { name = "google-cloud-core" },
    { name = "google-crc32c" },
    { name = "google-resumable-media" },
    { name = "requests" },
]
wheels = [
    { url = "https://www.piwheels.org/simple/google-cloud-storage/google_cloud_storage-3.14.1-py3-none-any.whl", hash = "sha256:8f14d4e6ea1fc0f084f08f6b4d50acd937fe0e5f26bce9cfd18089a5c73ad127" },
]

[[package]]
name = "google-crc32c"
version = "1.8.0"
source = { registry = "https://www.piwheels.org/simple" }
wheels = [
    { url = "https://www.piwheels.org/simple/google-crc32c/google_crc32c-1.8.0-py3-none-any.whl", hash = "sha256:27e19f943257e2a3138772d18364aacb246f944bed195e180bce17756d8f60c6" },
]

[[package]]
name = "google-resumable-media"
version = "2.10.2"
source = { registry = "https://www.piwheels.org/simple" }
dependencies = [
    { name = "google-crc32c" },
]
wheels = [
    { url = "https://www.piwheels.org/simple/google-resumable-media/google_resumable_media-2.10.2-py3-none-any.whl", hash = "sha256:bb99110c6eaf8187d9aefb53e427b92c96a15e2a7a8f1142af172260b838a9d9" },
]

[[package]]
name = "googleapis-common-protos"
version = "1.75.3"
source = { registry = "https://www.piwheels.org/simple" }
dependencies = [
    { name = "protobuf" },
]
wheels = [
    { url = "https://www.piwheels.org/simple/googleapis-common-protos/googleapis_common_protos-1.75.3-py3-none-any.whl", hash = "sha256:b9705b00ef713c87c60ad361941331336a0a0c30a34c6a76935326c82cc81ef6" },
]

[[package]]
name = "gpiozero"
version = "2.0.1"
source = { registry = "https://www.piwheels.org/simple" }
dependencies = [
    { name = "colorzero" },
]
wheels = [
    { url = "https://www.piwheels.org/simple/gpiozero/gpiozero-2.0.1-py3-none-any.whl", hash = "sha256:81faf2837d57df8a7724a0ac2af82cf8e40cff5aa98ca00355587c64c1bb3b70" },
]

[[package]]
name = "grpcio"
version = "1.83.1"
source = { registry = "https://www.piwheels.org/simple" }
dependencies = [
    { name = "typing-extensions" },
]
wheels = [
    { url = "https://www.piwheels.org/simple/grpcio/grpcio-1.83.1-cp311-cp311-linux_armv6l.whl", hash = "sha256:45234eee442b35aa726c51664e0190cc8527fd1a410f279f55045ae9967f6ed3" },
    { url = "https://www.piwheels.org/simple/grpcio/grpcio-1.83.1-cp311-cp311-linux_armv7l.whl", hash = "sha256:45234eee442b35aa726c51664e0190cc8527fd1a410f279f55045ae9967f6ed3" },
]

[[package]]
name = "grpcio-status"
version = "1.83.1"
source = { registry = "https://www.piwheels.org/simple" }
dependencies = [
    { name = "googleapis-common-protos" },
    { name = "grpcio" },
    { name = "protobuf" },
]
wheels = [
    { url = "https://www.piwheels.org/simple/grpcio-status/grpcio_status-1.83.1-py3-none-any.whl", hash = "sha256:031251600fe0269aa4e36b4740f4485e7795ca1b280cbd4969bb06194770386d" },
]

[[package]]
name = "h11"
version = "0.16.0"
source = { registry = "https://www.piwheels.org/simple" }
wheels = [
    { url = "https://www.piwheels.org/simple/h11/h11-0.16.0-py3-none-any.whl", hash = "sha256:9e54505b012527625f54dcc591e3e253276327e8a9c86f55bdb9012e9000e462" },
]

[[package]]
name = "h2"
version = "4.4.1"
source = { registry = "https://www.piwheels.org/simple" }
dependencies = [
    { name = "hpack" },
    { name = "hyperframe" },
]
wheels = [
    { url = "https://www.piwheels.org/simple/h2/h2-4.4.1-py3-none-any.whl", hash = "sha256:ed7c295186a23cc444d5b8b2a5ea007885abbd9a8848604ffd69f3535a1509b9" },
]

[[package]]
name = "hpack"
version = "4.2.0"
source = { registry = "https://www.piwheels.org/simple" }
wheels = [
    { url = "https://www.piwheels.org/simple/hpack/hpack-4.2.0-py3-none-any.whl", hash = "sha256:73bf2153eb5cecbbdb1b400f1d54d79f5ed1a908c0d0b732fe5e373b20023f27" },
]

[[package]]
name = "httpcore"
version = "1.0.9"
source = { registry = "https://www.piwheels.org/simple" }
dependencies = [
    { name = "certifi" },
    { name = "h11" },
]
wheels = [
    { url = "https://www.piwheels.org/simple/httpcore/httpcore-1.0.9-py3-none-any.whl", hash = "sha256:2d400746a40668fc9dec9810239072b40b4484b640a8c38fd654a024c7a1bf55" },
]

[[package]]
name = "httptools"
version = "0.8.0"
source = { url = "https://piwheels.org/simple/httptools/httptools-0.8.0-cp311-cp311-linux_armv7l.whl" }
wheels = [
    { url = "https://piwheels.org/simple/httptools/httptools-0.8.0-cp311-cp311-linux_armv7l.whl", hash = "sha256:72f34be80a3c239cb687e6215859e0beaee14215acd7527ad8ca9f5769174121" },
]

[[package]]
name = "httpx"
version = "0.28.1"
source = { registry = "https://www.piwheels.org/simple" }
dependencies = [
    { name = "anyio" },
    { name = "certifi" },
    { name = "httpcore" },
    { name = "idna" },
]
wheels = [
    { url = "https://www.piwheels.org/simple/httpx/httpx-0.28.1-py3-none-any.whl", hash = "sha256:d909fcccc110f8c7faf814ca82a9a4d816bc5a6dbfea25d6591d6985b8ba59ad" },
]

[package.optional-dependencies]
http2 = [
    { name = "h2" },
]

[[package]]
name = "hyperframe"
version = "6.1.0"
source = { registry = "https://www.piwheels.org/simple" }
wheels = [
    { url = "https://www.piwheels.org/simple/hyperframe/hyperframe-6.1.0-py3-none-any.whl", hash = "sha256:669a196d32b5b5b2508d364d74b327f57042e533e934a625a0eb59e07f20aaa4" },
]

[[package]]
name = "idna"
version = "3.19"
source = { registry = "https://www.piwheels.org/simple" }
wheels = [
    { url = "https://www.piwheels.org/simple/idna/idna-3.19-py3-none-any.whl", hash = "sha256:815e7be7a7806d54abb586dc943addc79e8b2ee16915059658cbeff4b1b43bf4" },
]

[[package]]
name = "iniconfig"
version = "2.3.0"
source = { registry = "https://www.piwheels.org/simple" }
wheels = [
    { url = "https://www.piwheels.org/simple/iniconfig/iniconfig-2.3.0-py3-none-any.whl", hash = "sha256:37680c0f1772719bc5b2d31e6a2eedafb053ee6c6546169f12dd24361988c104" },
]

[[package]]
name = "jinja2"
version = "3.1.6"
source = { registry = "https://www.piwheels.org/simple" }
dependencies = [
    { name = "markupsafe" },
]
wheels = [
    { url = "https://www.piwheels.org/simple/jinja2/jinja2-3.1.6-py3-none-any.whl", hash = "sha256:fe8571fbbd1ff453eb75ea114f68611e5b3e5b8b018397eeb70573daa35d45ea" },
]

[[package]]
name = "lgpio"
version = "0.2.2.0"
source = { registry = "https://www.piwheels.org/simple" }
wheels = [
    { url = "https://www.piwheels.org/simple/lgpio/lgpio-0.2.2.0-cp311-cp311-linux_armv6l.whl", hash = "sha256:2860e533e6e498b10d953d4b1fec4650e9af61991be11650c41a44d6fdafa08b" },
    { url = "https://www.piwheels.org/simple/lgpio/lgpio-0.2.2.0-cp311-cp311-linux_armv7l.whl", hash = "sha256:2860e533e6e498b10d953d4b1fec4650e9af61991be11650c41a44d6fdafa08b" },
]

[[package]]
name = "markdown-it-py"
version = "4.2.0"
source = { registry = "https://www.piwheels.org/simple" }
dependencies = [
    { name = "mdurl" },
]
wheels = [
    { url = "https://www.piwheels.org/simple/markdown-it-py/markdown_it_py-4.2.0-py3-none-any.whl", hash = "sha256:9f7ebbcd14fe59494226453aed97c1070d83f8d24b6fc3a3bcf9a38092641c4a" },
]

[[package]]
name = "markupsafe"
version = "3.0.3"
source = { registry = "https://www.piwheels.org/simple" }
wheels = [
    { url = "https://www.piwheels.org/simple/markupsafe/markupsafe-3.0.3-cp311-cp311-linux_armv6l.whl", hash = "sha256:41e984d07c913c0b4bd798169dbfecee9e7b81c9682d4b3a503701b3048de377" },
    { url = "https://www.piwheels.org/simple/markupsafe/markupsafe-3.0.3-cp311-cp311-linux_armv7l.whl", hash = "sha256:41e984d07c913c0b4bd798169dbfecee9e7b81c9682d4b3a503701b3048de377" },
]

[[package]]
name = "mdurl"
version = "0.1.2"
source = { registry = "https://www.piwheels.org/simple" }
wheels = [
    { url = "https://www.piwheels.org/simple/mdurl/mdurl-0.1.2-py3-none-any.whl", hash = "sha256:84008a41e51615a49fc9966191ff91509e3c40b939176e643fd50a5c2196b8f8" },
]

[[package]]
name = "msgpack"
version = "1.2.2"
source = { registry = "https://www.piwheels.org/simple" }
wheels = [
    { url = "https://www.piwheels.org/simple/msgpack/msgpack-1.2.2-cp311-cp311-linux_armv6l.whl", hash = "sha256:a7b3da7bbc460c0204fcff67d580a1e93b6391e1aa3c4d4c4323fbb54d02dded" },
    { url = "https://www.piwheels.org/simple/msgpack/msgpack-1.2.2-cp311-cp311-linux_armv7l.whl", hash = "sha256:a7b3da7bbc460c0204fcff67d580a1e93b6391e1aa3c4d4c4323fbb54d02dded" },
]

[[package]]
name = "numpy"
version = "2.4.6"
source = { url = "https://piwheels.org/simple/numpy/numpy-2.4.6-cp311-cp311-linux_armv7l.whl" }
wheels = [
    { url = "https://piwheels.org/simple/numpy/numpy-2.4.6-cp311-cp311-linux_armv7l.whl", hash = "sha256:a74f04fb7f02e62d9d2f3c9758a5dab22ebefda6f87d6c703b9f968b06485fbb" },
]

[[package]]
name = "opencv-python-headless"
version = "5.0.0.93"
source = { url = "https://piwheels.org/simple/opencv-python-headless/opencv_python_headless-5.0.0.93-cp311-cp311-linux_armv7l.whl" }
dependencies = [
    { name = "numpy" },
]
wheels = [
    { url = "https://piwheels.org/simple/opencv-python-headless/opencv_python_headless-5.0.0.93-cp311-cp311-linux_armv7l.whl", hash = "sha256:df42511b74078430680f5bbf526282c9eaa08f4a8e0f65b0902614f1313a0744" },
]

[package.metadata]
requires-dist = [
    { name = "numpy", marker = "python_full_version < '3.9'", specifier = "<2.0" },
    { name = "numpy", marker = "python_full_version >= '3.9'", specifier = ">=2" },
]

[[package]]
name = "opentelemetry-api"
version = "1.44.0"
source = { registry = "https://www.piwheels.org/simple" }
dependencies = [
    { name = "typing-extensions" },
]
wheels = [
    { url = "https://www.piwheels.org/simple/opentelemetry-api/opentelemetry_api-1.44.0-py3-none-any.whl", hash = "sha256:94b98c893a91b88657eaac1e3ba89618cdb85be6918196705354f34728b2cdef" },
]

[[package]]
name = "packaging"
version = "26.3"
source = { registry = "https://www.piwheels.org/simple" }
wheels = [
    { url = "https://www.piwheels.org/simple/packaging/packaging-26.3-py3-none-any.whl", hash = "sha256:414c46fcfb5f98edc3e3139a1f1d780e01cf76995b072f11975c665fcc57de83" },
]

[[package]]
name = "pluggy"
version = "1.6.0"
source = { registry = "https://www.piwheels.org/simple" }
wheels = [
    { url = "https://www.piwheels.org/simple/pluggy/pluggy-1.6.0-py3-none-any.whl", hash = "sha256:63a2dfa6b0fd4b668b7627eaf4ec69e53201be1015648600410db4f8c3bc317e" },
]

[[package]]
name = "proto-plus"
version = "1.28.4"
source = { registry = "https://www.piwheels.org/simple" }
dependencies = [
    { name = "protobuf" },
]
wheels = [
    { url = "https://www.piwheels.org/simple/proto-plus/proto_plus-1.28.4-py3-none-any.whl", hash = "sha256:7b1cf0061d6f7b90b8f327beecb7df49b5b6e4922b3f2b3f45a9a540b46c3e96" },
]

[[package]]
name = "protobuf"
version = "7.36.1"
source = { registry = "https://www.piwheels.org/simple" }
wheels = [
    { url = "https://www.piwheels.org/simple/protobuf/protobuf-7.36.1-cp311-cp311-linux_armv6l.whl", hash = "sha256:a663ea6c44d3dfa1b4b2ff04649b2de775283beea7d88501ac48d580f0cc7a96" },
    { url = "https://www.piwheels.org/simple/protobuf/protobuf-7.36.1-cp311-cp311-linux_armv7l.whl", hash = "sha256:a663ea6c44d3dfa1b4b2ff04649b2de775283beea7d88501ac48d580f0cc7a96" },
]

[[package]]
name = "pyasn1"
version = "0.6.4"
source = { registry = "https://www.piwheels.org/simple" }
wheels = [
    { url = "https://www.piwheels.org/simple/pyasn1/pyasn1-0.6.4-py3-none-any.whl", hash = "sha256:572e3c5431fb4c18fb3cc590c4065b48c6ad5e4e3d5eab8dcf9ebf74ea0056e0" },
]

[[package]]
name = "pyasn1-modules"
version = "0.4.2"
source = { registry = "https://www.piwheels.org/simple" }
dependencies = [
    { name = "pyasn1" },
]
wheels = [
    { url = "https://www.piwheels.org/simple/pyasn1-modules/pyasn1_modules-0.4.2-py3-none-any.whl", hash = "sha256:7ff18fad8f5fe6aa72d0c948b2331d7826349cd67b40b203e5f8d93f58b4fbf7" },
]

[[package]]
name = "pycparser"
version = "3.0"
source = { registry = "https://www.piwheels.org/simple" }
wheels = [
    { url = "https://www.piwheels.org/simple/pycparser/pycparser-3.0-py3-none-any.whl", hash = "sha256:5f6f9dbccdbe23d54fab1c279cc6efccd43286749517d2d88b2ecb00a2ed8673" },
]

[[package]]
name = "pydantic"
version = "2.13.5"
source = { registry = "https://www.piwheels.org/simple" }
dependencies = [
    { name = "annotated-types" },
    { name = "pydantic-core" },
    { name = "typing-extensions" },
    { name = "typing-inspection" },
]
wheels = [
    { url = "https://www.piwheels.org/simple/pydantic/pydantic-2.13.5-py3-none-any.whl", hash = "sha256:346a034f080da3755d8e9cb5e00e8b07de1d39e4f6e2c87d8ab7cafa0b269a73" },
]

[package.optional-dependencies]
email = [
    { name = "email-validator" },
]

[[package]]
name = "pydantic-core"
version = "2.46.5"
source = { registry = "https://www.piwheels.org/simple" }
dependencies = [
    { name = "typing-extensions" },
]
wheels = [
    { url = "https://www.piwheels.org/simple/pydantic-core/pydantic_core-2.46.5-cp311-cp311-linux_armv6l.whl", hash = "sha256:7d12d78d085d54627ee3b0381bca197166130315b1ada183650ab7316ac578e8" },
    { url = "https://www.piwheels.org/simple/pydantic-core/pydantic_core-2.46.5-cp311-cp311-linux_armv7l.whl", hash = "sha256:7d12d78d085d54627ee3b0381bca197166130315b1ada183650ab7316ac578e8" },
]

[[package]]
name = "pydantic-extra-types"
version = "2.11.1"
source = { registry = "https://www.piwheels.org/simple" }
dependencies = [
    { name = "pydantic" },
    { name = "typing-extensions" },
]
wheels = [
    { url = "https://www.piwheels.org/simple/pydantic-extra-types/pydantic_extra_types-2.11.1-py3-none-any.whl", hash = "sha256:1722ea2bddae5628ace25f2aa685b69978ef533123e5638cfbddb999e0100ec1" },
]

[[package]]
name = "pydantic-settings"
version = "2.15.0"
source = { registry = "https://www.piwheels.org/simple" }
dependencies = [
    { name = "pydantic" },
    { name = "python-dotenv" },
    { name = "typing-inspection" },
]
wheels = [
    { url = "https://www.piwheels.org/simple/pydantic-settings/pydantic_settings-2.15.0-py3-none-any.whl", hash = "sha256:0ba092c291c94baceb5eff768aa0d56400a457585bc0175925a5a5510303da42" },
]

[[package]]
name = "pygments"
version = "2.21.0"
source = { registry = "https://www.piwheels.org/simple" }
wheels = [
    { url = "https://www.piwheels.org/simple/pygments/pygments-2.21.0-py3-none-any.whl", hash = "sha256:2363c69b61c4a97c838da3b130dcd6468f4848992b21a82f2a63ec34377137d9" },
]

[[package]]
name = "pyjwt"
version = "2.13.0"
source = { registry = "https://www.piwheels.org/simple" }
wheels = [
    { url = "https://www.piwheels.org/simple/pyjwt/pyjwt-2.13.0-py3-none-any.whl", hash = "sha256:f3dbad42a4b9fedaf19a6306964cedb41fa219d799b967db30cb24d598bc7d9c" },
]

[package.optional-dependencies]
crypto = [
    { name = "cryptography" },
]

[[package]]
name = "pytest"
version = "9.1.1"
source = { registry = "https://www.piwheels.org/simple" }
dependencies = [
    { name = "colorama", marker = "sys_platform == 'win32'" },
    { name = "iniconfig" },
    { name = "packaging" },
    { name = "pluggy" },
    { name = "pygments" },
]
wheels = [
    { url = "https://www.piwheels.org/simple/pytest/pytest-9.1.1-py3-none-any.whl", hash = "sha256:254daf971112e2f991880363a93b8d0f43f1d3438d41ddbfe85dfbe37dd56b21" },
]

[[package]]
name = "pytest-cov"
version = "7.1.0"
source = { registry = "https://www.piwheels.org/simple" }
dependencies = [
    { name = "coverage", extra = ["toml"] },
    { name = "pluggy" },
    { name = "pytest" },
]
wheels = [
    { url = "https://www.piwheels.org/simple/pytest-cov/pytest_cov-7.1.0-py3-none-any.whl", hash = "sha256:9ef1612a02d7d5d5469f01fe969aa2a894e7d73d5a1419f1be2e9c3465e9db72" },
]

[[package]]
name = "python-dotenv"
version = "1.2.3"
source = { registry = "https://www.piwheels.org/simple" }
wheels = [
    { url = "https://www.piwheels.org/simple/python-dotenv/python_dotenv-1.2.3-py3-none-any.whl", hash = "sha256:97c3742a01897b1dd08e8bcc08e5a686223f8d2263fb333d14f756528ce732e9" },
]

[[package]]
name = "python-json-logger"
version = "4.2.0"
source = { registry = "https://www.piwheels.org/simple" }
wheels = [
    { url = "https://www.piwheels.org/simple/python-json-logger/python_json_logger-4.2.0-py3-none-any.whl", hash = "sha256:6645f2be60d8a396e00025e086372b8153f6e27ac33023bee7a839fe861549f6" },
]

[[package]]
name = "python-multipart"
version = "0.0.32"
source = { registry = "https://www.piwheels.org/simple" }
wheels = [
    { url = "https://www.piwheels.org/simple/python-multipart/python_multipart-0.0.32-py3-none-any.whl", hash = "sha256:ff6d3f776f16878c894e52e107296ffc890e913c611b1a4ec6c44e2821fe2e23" },
]

[[package]]
name = "pyyaml"
version = "6.0.3"
source = { url = "https://piwheels.org/simple/pyyaml/pyyaml-6.0.3-cp311-cp311-linux_armv7l.whl" }
wheels = [
    { url = "https://piwheels.org/simple/pyyaml/pyyaml-6.0.3-cp311-cp311-linux_armv7l.whl", hash = "sha256:96a9c0d2b473b1e98e6a3896d2c006a194d7d1992d0cf1db4f45beb413cb7494" },
]

[[package]]
name = "requests"
version = "2.34.2"
source = { registry = "https://www.piwheels.org/simple" }
dependencies = [
    { name = "certifi" },
    { name = "charset-normalizer" },
    { name = "idna" },
    { name = "urllib3" },
]
wheels = [
    { url = "https://www.piwheels.org/simple/requests/requests-2.34.2-py3-none-any.whl", hash = "sha256:e9adb7992624fe111ddbd07653f8791c60bd716dfe21309ee0e34d55391be90f" },
]

[[package]]
name = "rich"
version = "15.0.0"
source = { registry = "https://www.piwheels.org/simple" }
dependencies = [
    { name = "markdown-it-py" },
    { name = "pygments" },
]
wheels = [
    { url = "https://www.piwheels.org/simple/rich/rich-15.0.0-py3-none-any.whl", hash = "sha256:42d2721f4b14760214e627acb277d460a3db1c8cca97db600476c98b888bc72f" },
]

[[package]]
name = "rich-toolkit"
version = "0.20.5"
source = { registry = "https://www.piwheels.org/simple" }
dependencies = [
    { name = "click" },
    { name = "rich" },
    { name = "typing-extensions" },
]
wheels = [
    { url = "https://www.piwheels.org/simple/rich-toolkit/rich_toolkit-0.20.5-py3-none-any.whl", hash = "sha256:e21fd616db9c0539d3c50f3433fb1173db95c19d3cbf215615e224182fad6c18" },
]

[[package]]
name = "rignore"
version = "0.8.0"
source = { registry = "https://www.piwheels.org/simple" }
wheels = [
    { url = "https://archive1.piwheels.org/simple/rignore/rignore-0.8.0-cp311-cp311-linux_armv6l.whl", hash = "sha256:47067cb965b73fdd7a7442557a0665ce25e19b185ef0bd75404102206df3198f" },
    { url = "https://archive1.piwheels.org/simple/rignore/rignore-0.8.0-cp311-cp311-linux_armv7l.whl", hash = "sha256:47067cb965b73fdd7a7442557a0665ce25e19b185ef0bd75404102206df3198f" },
]

[[package]]
name = "rpi-lgpio"
version = "0.6"
source = { registry = "https://www.piwheels.org/simple" }
dependencies = [
    { name = "lgpio" },
]
wheels = [
    { url = "https://www.piwheels.org/simple/rpi-lgpio/rpi_lgpio-0.6-py3-none-any.whl", hash = "sha256:a2940418ce0c8b8dd1be1fd37fd26f133f704598142c52af9f4aa2e4fc6e9f9d" },
]

[[package]]
name = "sentry-sdk"
version = "2.68.1"
source = { registry = "https://www.piwheels.org/simple" }
dependencies = [
    { name = "certifi" },
    { name = "urllib3" },
]
wheels = [
    { url = "https://www.piwheels.org/simple/sentry-sdk/sentry_sdk-2.68.1-py3-none-any.whl", hash = "sha256:9f60e880d71177a69c09031cc7f211072a6f258c828d16db2b09d78e39195373" },
]

[package.optional-dependencies]
fastapi = [
    { name = "fastapi" },
]

[[package]]
name = "setuptools"
version = "84.0.0"
source = { registry = "https://www.piwheels.org/simple" }
wheels = [
    { url = "https://www.piwheels.org/simple/setuptools/setuptools-84.0.0-py3-none-any.whl", hash = "sha256:99b135e7c79cbeebec6a9481c521af176ad828341186493f1c6d3746f493f3eb" },
]

[[package]]
name = "shellingham"
version = "1.5.4"
source = { registry = "https://www.piwheels.org/simple" }
wheels = [
    { url = "https://www.piwheels.org/simple/shellingham/shellingham-1.5.4-py2.py3-none-any.whl", hash = "sha256:be96f61607d6c21b334256dabc3494213ec433adfdd0c7cadd2bdb3ac1716454" },
]

[[package]]
name = "starlette"
version = "1.6.0"
source = { registry = "https://www.piwheels.org/simple" }
dependencies = [
    { name = "anyio" },
    { name = "typing-extensions" },
]
wheels = [
    { url = "https://www.piwheels.org/simple/starlette/starlette-1.6.0-py3-none-any.whl", hash = "sha256:a86dd39d14bb45f85a3d18525215a9ef0cfd1f192ac793220e72598c90335f0c" },
]

[[package]]
name = "tomli"
version = "2.4.1"
source = { registry = "https://www.piwheels.org/simple" }
wheels = [
    { url = "https://www.piwheels.org/simple/tomli/tomli-2.4.1-py3-none-any.whl", hash = "sha256:0d85819802132122da43cb86656f8d1f8c6587d54ae7dcaf30e90533028b49fe" },
]

[[package]]
name = "typer"
version = "0.27.2"
source = { registry = "https://www.piwheels.org/simple" }
dependencies = [
    { name = "annotated-doc" },
    { name = "colorama", marker = "sys_platform == 'win32'" },
    { name = "rich" },
    { name = "shellingham" },
]
wheels = [
    { url = "https://www.piwheels.org/simple/typer/typer-0.27.2-py3-none-any.whl", hash = "sha256:b3a5fc4342d5fc8fda8fc3010b1cf117e9249aab7fae800c2eff62fd3842d97d" },
]

[[package]]
name = "typing-extensions"
version = "4.16.0"
source = { registry = "https://www.piwheels.org/simple" }
wheels = [
    { url = "https://www.piwheels.org/simple/typing-extensions/typing_extensions-4.16.0-py3-none-any.whl", hash = "sha256:481caa481374e813c1b176ada14e97f1f67a4539ce9cfeb3f350d78d6370c2e8" },
]

[[package]]
name = "typing-inspection"
version = "0.4.4"
source = { registry = "https://www.piwheels.org/simple" }
dependencies = [
    { name = "typing-extensions" },
]
wheels = [
    { url = "https://www.piwheels.org/simple/typing-inspection/typing_inspection-0.4.4-py3-none-any.whl", hash = "sha256:65b8397ba37ccbce054456aaccddfc91e6e3083c92824df348d96ca832f3f147" },
]

[[package]]
name = "urllib3"
version = "2.7.0"
source = { registry = "https://www.piwheels.org/simple" }
wheels = [
    { url = "https://www.piwheels.org/simple/urllib3/urllib3-2.7.0-py3-none-any.whl", hash = "sha256:1dfb38b581ddf14b3c463eaed62970ac6d620fc3a2bcf9a82c132ab1c8ffc941" },
]

[[package]]
name = "uvicorn"
version = "0.52.4"
source = { registry = "https://www.piwheels.org/simple" }
dependencies = [
    { name = "click" },
    { name = "h11" },
]
wheels = [
    { url = "https://www.piwheels.org/simple/uvicorn/uvicorn-0.52.4-py3-none-any.whl", hash = "sha256:f86e41a149d7d05a9969337e3946a9c171c06a5d42680896daaba624aeac8da1" },
]

[package.optional-dependencies]
standard = [
    { name = "httptools" },
    { name = "python-dotenv" },
    { name = "pyyaml" },
    { name = "uvloop", marker = "platform_python_implementation != 'PyPy' and sys_platform != 'cygwin' and sys_platform != 'win32'" },
    { name = "watchfiles" },
    { name = "websockets" },
]

[[package]]
name = "uvloop"
version = "0.21.0"
source = { url = "https://piwheels.org/simple/uvloop/uvloop-0.21.0-cp311-cp311-linux_armv7l.whl" }
wheels = [
    { url = "https://piwheels.org/simple/uvloop/uvloop-0.21.0-cp311-cp311-linux_armv7l.whl", hash = "sha256:dfc014f8655370f16648f01850a47e7c7508e47dd00912c4f8a2bc58a5d183e2" },
]

[package.metadata]
requires-dist = [
    { name = "aiohttp", marker = "extra == 'test'", specifier = ">=3.10.5" },
    { name = "cython", marker = "extra == 'dev'", specifier = "~=3.0" },
    { name = "flake8", marker = "extra == 'test'", specifier = "~=5.0" },
    { name = "mypy", marker = "extra == 'test'", specifier = ">=0.800" },
    { name = "psutil", marker = "extra == 'test'" },
    { name = "pycodestyle", marker = "extra == 'test'", specifier = "~=2.9.0" },
    { name = "pyopenssl", marker = "extra == 'test'", specifier = "~=23.0.0" },
    { name = "setuptools", marker = "extra == 'dev'", specifier = ">=60" },
    { name = "sphinx", marker = "extra == 'docs'", specifier = "~=4.1.2" },
    { name = "sphinx-rtd-theme", marker = "extra == 'docs'", specifier = "~=0.5.2" },
    { name = "sphinxcontrib-asyncio", marker = "extra == 'docs'", specifier = "~=0.3.0" },
]
provides-extras = ["dev", "docs", "test"]

[[package]]
name = "watchfiles"
version = "1.2.0"
source = { registry = "https://www.piwheels.org/simple" }
dependencies = [
    { name = "anyio" },
]
wheels = [
    { url = "https://www.piwheels.org/simple/watchfiles/watchfiles-1.2.0-cp311-cp311-linux_armv6l.whl", hash = "sha256:692faeb86214aead6028053b408afdb2df480d3ae06f24009b70ec002e5bffa9" },
    { url = "https://www.piwheels.org/simple/watchfiles/watchfiles-1.2.0-cp311-cp311-linux_armv7l.whl", hash = "sha256:692faeb86214aead6028053b408afdb2df480d3ae06f24009b70ec002e5bffa9" },
]

[[package]]
name = "websockets"
version = "17.1"
source = { registry = "https://www.piwheels.org/simple" }
wheels = [
    { url = "https://www.piwheels.org/simple/websockets/websockets-17.1-cp311-cp311-linux_armv6l.whl", hash = "sha256:da706d00793fd5beed8b438103518228f06c8e6be026b8386c41fa7e2807a6d6" },
    { url = "https://www.piwheels.org/simple/websockets/websockets-17.1-cp311-cp311-linux_armv7l.whl", hash = "sha256:da706d00793fd5beed8b438103518228f06c8e6be026b8386c41fa7e2807a6d6" },
]
